
Microsoft Visual Studio Solution File, Format Version 12.00
# Visual Studio Version 17
VisualStudioVersion = 17.14.36414.22
MinimumVisualStudioVersion = 10.0.40219.1
Project("{2150E333-8FDC-42A3-9474-1A3956D46DE8}") = "Task0", "Task0", "{02EA681E-C7D8-13C7-8484-4AC65E1B71E8}"
EndProject
Project("{FAE04EC0-301F-11D3-BF4B-00C04F79EFBC}") = "Tyuiu.YushkovaES.Sprint0.Task0.V0", "Tyuiu.YushkovaES.Sprint0.Task0.V0\Tyuiu.YushkovaES.Sprint0.Task0.V0.csproj", "{387529B8-A46D-4D68-80A2-8A82BA12EA6D}"
EndProject
Project("{2150E333-8FDC-42A3-9474-1A3956D46DE8}") = "Task1", "Task1", "{89B1D4C2-CF96-42B9-BBBD-454699F31A37}"
EndProject
Project("{FAE04EC0-301F-11D3-BF4B-00C04F79EFBC}") = "Tyuiu.YushkovaES.Sprint0.Task1.V0", "Tyuiu.YushkovaES.Sprint0.Task1.V0\Tyuiu.YushkovaES.Sprint0.Task1.V0.csproj", "{77EAD01F-FD36-4CF1-B458-D331A9F57663}"
EndProject
Project("{2150E333-8FDC-42A3-9474-1A3956D46DE8}") = "Task2", "Task2", "{84B38FE3-0532-4F5C-88DD-F320C9C1944E}"
EndProject
Project("{2150E333-8FDC-42A3-9474-1A3956D46DE8}") = "Task2.", "Task2.", "{D936A604-2510-481A-A028-8264815F1EE1}"
EndProject
Project("{FAE04EC0-301F-11D3-BF4B-00C04F79EFBC}") = "Tyuiu.YushkovaE.Sprint0.Task2.V0", "Tyuiu.YushkovaE.Sprint0.Task2.V0\Tyuiu.YushkovaE.Sprint0.Task2.V0.csproj", "{756C207E-4F9D-4CB7-B45E-52AFF45429FA}"
EndProject
Project("{FAE04EC0-301F-11D3-BF4B-00C04F79EFBC}") = "Tyuiu.YushkovaE.Sprint0.Task2.V0.Lib", "Tyuiu.YushkovaE.Sprint0.Task2.V0.Lib\Tyuiu.YushkovaE.Sprint0.Task2.V0.Lib.csproj", "{69B2277E-3D67-47C6-BC67-9483549759AF}"
EndProject
Project("{FAE04EC0-301F-11D3-BF4B-00C04F79EFBC}") = "Tyuiu.YushkovaE.Sprint0.Task2.V0.Test", "Tyuiu.YushkovaE.Sprint0.Task2.V0.Test\Tyuiu.YushkovaE.Sprint0.Task2.V0.Test.csproj", "{ED03467F-0D8E-4F73-93C3-A517AED729FD}"
EndProject
Project("{2150E333-8FDC-42A3-9474-1A3956D46DE8}") = "Task3", "Task3", "{430E9337-9AC3-4411-95AE-3C2DBB177A96}"
EndProject
Project("{FAE04EC0-301F-11D3-BF4B-00C04F79EFBC}") = "Tyuiu.YushkovaES.Sprint0.Task3.V0", "Tyuiu.YushkovaES.Sprint0.Task3.V0\Tyuiu.YushkovaES.Sprint0.Task3.V0.csproj", "{34F1339C-21B0-45AC-94D1-3E5A9FC4A899}"
EndProject
Project("{FAE04EC0-301F-11D3-BF4B-00C04F79EFBC}") = "Tyuiu.YushkovaES.Sprint0.Task3.V0.Lib", "Tyuiu.YushkovaES.Sprint0.Task3.V0.Lib\Tyuiu.YushkovaES.Sprint0.Task3.V0.Lib.csproj", "{DFDF7779-B930-43FE-B60D-B05BBFBF8E1C}"
EndProject
Project("{FAE04EC0-301F-11D3-BF4B-00C04F79EFBC}") = "Tyuiu.YushkovaES.Sprint0.Task3.V0.Test", "Tyuiu.YushkovaES.Sprint0.Task3.V0.Test\Tyuiu.YushkovaES.Sprint0.Task3.V0.Test.csproj", "{FB9AF8CE-9462-4C31-B92B-047367FCFAFC}"
EndProject
Project("{2150E333-8FDC-42A3-9474-1A3956D46DE8}") = "Task4", "Task4", "{0D9EE69E-8939-41F3-BB9D-85F78408FA12}"
EndProject
Project("{FAE04EC0-301F-11D3-BF4B-00C04F79EFBC}") = "Tyuiu.YushkovaES.Sprint0.Task4.V0", "Tyuiu.YushkovaES.Sprint0.Task4.V0\Tyuiu.YushkovaES.Sprint0.Task4.V0.csproj", "{DF6B9068-701A-4A92-8BC0-1161AC9AF6FE}"
EndProject
Project("{FAE04EC0-301F-11D3-BF4B-00C04F79EFBC}") = "Tyuiu.YushkovaES.Sprint0.Task4.V0.Lib", "Tyuiu.YushkovaES.Sprint0.Task4.V0.Lib\Tyuiu.YushkovaES.Sprint0.Task4.V0.Lib.csproj", "{386A70C8-E75A-4B40-906A-A08D692F7FA4}"
EndProject
Project("{FAE04EC0-301F-11D3-BF4B-00C04F79EFBC}") = "Tyuiu.YushkovaES.Sprint0.Task4.V0.Test", "Tyuiu.YushkovaES.Sprint0.Task4.V0.Test\Tyuiu.YushkovaES.Sprint0.Task4.V0.Test.csproj", "{D06FF6D8-9846-40CC-9E08-CB1E606AC5CF}"
EndProject
Project("{2150E333-8FDC-42A3-9474-1A3956D46DE8}") = "Task5", "Task5", "{B8DCE35F-9CC9-4566-8141-A05719862AE5}"
EndProject
Project("{FAE04EC0-301F-11D3-BF4B-00C04F79EFBC}") = "Tyuiu.YushkovaES.Sprint0.Task5.V0", "Tyuiu.YushkovaES.Sprint0.Task5.V0\Tyuiu.YushkovaES.Sprint0.Task5.V0.csproj", "{2FDD8242-887D-4112-91F9-80B734A04CD6}"
EndProject
Project("{FAE04EC0-301F-11D3-BF4B-00C04F79EFBC}") = "Tyuiu.YushkovaES.Sprint0.Task5.V0.Lib", "Tyuiu.YushkovaES.Sprint0.Task5.V0.Lib\Tyuiu.YushkovaES.Sprint0.Task5.V0.Lib.csproj", "{AC9B1CAF-35B0-4484-85EB-F30921498F12}"
EndProject
Project("{FAE04EC0-301F-11D3-BF4B-00C04F79EFBC}") = "Tyuiu.YushkovaES.Sprint0.Task5.V0.Test", "Tyuiu.YushkovaES.Sprint0.Task5.V0.Test\Tyuiu.YushkovaES.Sprint0.Task5.V0.Test.csproj", "{67BDD375-30C4-480E-966D-F67B79CD6F4D}"
EndProject
Project("{2150E333-8FDC-42A3-9474-1A3956D46DE8}") = "Task6", "Task6", "{B8FAEE48-7C8E-4763-8AEA-D3D4E4396267}"
EndProject
Project("{FAE04EC0-301F-11D3-BF4B-00C04F79EFBC}") = "Tyuiu.YushkovaES.Sprint0.Task6.V0", "Tyuiu.YushkovaES.Sprint0.Task6.V0\Tyuiu.YushkovaES.Sprint0.Task6.V0.csproj", "{67EE2F8C-E0B8-4F96-A849-88A069D74630}"
EndProject
Project("{FAE04EC0-301F-11D3-BF4B-00C04F79EFBC}") = "Tyuiu.YushkovaES.Sprint0.Task6.V0.Lib", "Tyuiu.YushkovaES.Sprint0.Task6.V0.Lib\Tyuiu.YushkovaES.Sprint0.Task6.V0.Lib.csproj", "{CF796D20-BFF7-44DF-9A36-BF3FE5A4C1B4}"
EndProject
Project("{FAE04EC0-301F-11D3-BF4B-00C04F79EFBC}") = "Tyuiu.YushkovaES.Sprint0.Task6.V0.Test", "Tyuiu.YushkovaES.Sprint0.Task6.V0.Test\Tyuiu.YushkovaES.Sprint0.Task6.V0.Test.csproj", "{1579B913-4B00-437B-9CCE-9C4B3FA7179F}"
EndProject
Project("{2150E333-8FDC-42A3-9474-1A3956D46DE8}") = "Task7", "Task7", "{4081902F-2C2D-4792-A08F-0A07678F92A3}"
EndProject
Project("{FAE04EC0-301F-11D3-BF4B-00C04F79EFBC}") = "Tyuiu.YushkovaES.Sprint0.Task7.V0", "Tyuiu.YushkovaES.Sprint0.Task7.V0\Tyuiu.YushkovaES.Sprint0.Task7.V0.csproj", "{67DA3B8B-8D84-47CB-AB10-F01F4C4A0C04}"
EndProject
Project("{FAE04EC0-301F-11D3-BF4B-00C04F79EFBC}") = "Tyuiu.YushkovaES.Sprint0.Task7.V0.Lib", "Tyuiu.YushkovaES.Sprint0.Task7.V0.Lib\Tyuiu.YushkovaES.Sprint0.Task7.V0.Lib.csproj", "{F39D77D6-800B-42D2-A071-D3248466A27C}"
EndProject
Project("{FAE04EC0-301F-11D3-BF4B-00C04F79EFBC}") = "Tyuiu.YushkovaES.Sprint0.Task7.V0.Test", "Tyuiu.YushkovaES.Sprint0.Task7.V0.Test\Tyuiu.YushkovaES.Sprint0.Task7.V0.Test.csproj", "{6764AB90-FC13-4CAC-89B1-CFB89FF490FD}"
EndProject
Global
	GlobalSection(SolutionConfigurationPlatforms) = preSolution
		Debug|Any CPU = Debug|Any CPU
		Release|Any CPU = Release|Any CPU
	EndGlobalSection
	GlobalSection(ProjectConfigurationPlatforms) = postSolution
		{387529B8-A46D-4D68-80A2-8A82BA12EA6D}.Debug|Any CPU.ActiveCfg = Debug|Any CPU
		{387529B8-A46D-4D68-80A2-8A82BA12EA6D}.Debug|Any CPU.Build.0 = Debug|Any CPU
		{387529B8-A46D-4D68-80A2-8A82BA12EA6D}.Release|Any CPU.ActiveCfg = Release|Any CPU
		{387529B8-A46D-4D68-80A2-8A82BA12EA6D}.Release|Any CPU.Build.0 = Release|Any CPU
		{77EAD01F-FD36-4CF1-B458-D331A9F57663}.Debug|Any CPU.ActiveCfg = Debug|Any CPU
		{77EAD01F-FD36-4CF1-B458-D331A9F57663}.Debug|Any CPU.Build.0 = Debug|Any CPU
		{77EAD01F-FD36-4CF1-B458-D331A9F57663}.Release|Any CPU.ActiveCfg = Release|Any CPU
		{77EAD01F-FD36-4CF1-B458-D331A9F57663}.Release|Any CPU.Build.0 = Release|Any CPU
		{756C207E-4F9D-4CB7-B45E-52AFF45429FA}.Debug|Any CPU.ActiveCfg = Debug|Any CPU
		{756C207E-4F9D-4CB7-B45E-52AFF45429FA}.Debug|Any CPU.Build.0 = Debug|Any CPU
		{756C207E-4F9D-4CB7-B45E-52AFF45429FA}.Release|Any CPU.ActiveCfg = Release|Any CPU
		{756C207E-4F9D-4CB7-B45E-52AFF45429FA}.Release|Any CPU.Build.0 = Release|Any CPU
		{69B2277E-3D67-47C6-BC67-9483549759AF}.Debug|Any CPU.ActiveCfg = Debug|Any CPU
		{69B2277E-3D67-47C6-BC67-9483549759AF}.Debug|Any CPU.Build.0 = Debug|Any CPU
		{69B2277E-3D67-47C6-BC67-9483549759AF}.Release|Any CPU.ActiveCfg = Release|Any CPU
		{69B2277E-3D67-47C6-BC67-9483549759AF}.Release|Any CPU.Build.0 = Release|Any CPU
		{ED03467F-0D8E-4F73-93C3-A517AED729FD}.Debug|Any CPU.ActiveCfg = Debug|Any CPU
		{ED03467F-0D8E-4F73-93C3-A517AED729FD}.Debug|Any CPU.Build.0 = Debug|Any CPU
		{ED03467F-0D8E-4F73-93C3-A517AED729FD}.Release|Any CPU.ActiveCfg = Release|Any CPU
		{ED03467F-0D8E-4F73-93C3-A517AED729FD}.Release|Any CPU.Build.0 = Release|Any CPU
		{34F1339C-21B0-45AC-94D1-3E5A9FC4A899}.Debug|Any CPU.ActiveCfg = Debug|Any CPU
		{34F1339C-21B0-45AC-94D1-3E5A9FC4A899}.Debug|Any CPU.Build.0 = Debug|Any CPU
		{34F1339C-21B0-45AC-94D1-3E5A9FC4A899}.Release|Any CPU.ActiveCfg = Release|Any CPU
		{34F1339C-21B0-45AC-94D1-3E5A9FC4A899}.Release|Any CPU.Build.0 = Release|Any CPU
		{DFDF7779-B930-43FE-B60D-B05BBFBF8E1C}.Debug|Any CPU.ActiveCfg = Debug|Any CPU
		{DFDF7779-B930-43FE-B60D-B05BBFBF8E1C}.Debug|Any CPU.Build.0 = Debug|Any CPU
		{DFDF7779-B930-43FE-B60D-B05BBFBF8E1C}.Release|Any CPU.ActiveCfg = Release|Any CPU
		{DFDF7779-B930-43FE-B60D-B05BBFBF8E1C}.Release|Any CPU.Build.0 = Release|Any CPU
		{FB9AF8CE-9462-4C31-B92B-047367FCFAFC}.Debug|Any CPU.ActiveCfg = Debug|Any CPU
		{FB9AF8CE-9462-4C31-B92B-047367FCFAFC}.Debug|Any CPU.Build.0 = Debug|Any CPU
		{FB9AF8CE-9462-4C31-B92B-047367FCFAFC}.Release|Any CPU.ActiveCfg = Release|Any CPU
		{FB9AF8CE-9462-4C31-B92B-047367FCFAFC}.Release|Any CPU.Build.0 = Release|Any CPU
		{DF6B9068-701A-4A92-8BC0-1161AC9AF6FE}.Debug|Any CPU.ActiveCfg = Debug|Any CPU
		{DF6B9068-701A-4A92-8BC0-1161AC9AF6FE}.Debug|Any CPU.Build.0 = Debug|Any CPU
		{DF6B9068-701A-4A92-8BC0-1161AC9AF6FE}.Release|Any CPU.ActiveCfg = Release|Any CPU
		{DF6B9068-701A-4A92-8BC0-1161AC9AF6FE}.Release|Any CPU.Build.0 = Release|Any CPU
		{386A70C8-E75A-4B40-906A-A08D692F7FA4}.Debug|Any CPU.ActiveCfg = Debug|Any CPU
		{386A70C8-E75A-4B40-906A-A08D692F7FA4}.Debug|Any CPU.Build.0 = Debug|Any CPU
		{386A70C8-E75A-4B40-906A-A08D692F7FA4}.Release|Any CPU.ActiveCfg = Release|Any CPU
		{386A70C8-E75A-4B40-906A-A08D692F7FA4}.Release|Any CPU.Build.0 = Release|Any CPU
		{D06FF6D8-9846-40CC-9E08-CB1E606AC5CF}.Debug|Any CPU.ActiveCfg = Debug|Any CPU
		{D06FF6D8-9846-40CC-9E08-CB1E606AC5CF}.Debug|Any CPU.Build.0 = Debug|Any CPU
		{D06FF6D8-9846-40CC-9E08-CB1E606AC5CF}.Release|Any CPU.ActiveCfg = Release|Any CPU
		{D06FF6D8-9846-40CC-9E08-CB1E606AC5CF}.Release|Any CPU.Build.0 = Release|Any CPU
		{2FDD8242-887D-4112-91F9-80B734A04CD6}.Debug|Any CPU.ActiveCfg = Debug|Any CPU
		{2FDD8242-887D-4112-91F9-80B734A04CD6}.Debug|Any CPU.Build.0 = Debug|Any CPU
		{2FDD8242-887D-4112-91F9-80B734A04CD6}.Release|Any CPU.ActiveCfg = Release|Any CPU
		{2FDD8242-887D-4112-91F9-80B734A04CD6}.Release|Any CPU.Build.0 = Release|Any CPU
		{AC9B1CAF-35B0-4484-85EB-F30921498F12}.Debug|Any CPU.ActiveCfg = Debug|Any CPU
		{AC9B1CAF-35B0-4484-85EB-F30921498F12}.Debug|Any CPU.Build.0 = Debug|Any CPU
		{AC9B1CAF-35B0-4484-85EB-F30921498F12}.Release|Any CPU.ActiveCfg = Release|Any CPU
		{AC9B1CAF-35B0-4484-85EB-F30921498F12}.Release|Any CPU.Build.0 = Release|Any CPU
		{67BDD375-30C4-480E-966D-F67B79CD6F4D}.Debug|Any CPU.ActiveCfg = Debug|Any CPU
		{67BDD375-30C4-480E-966D-F67B79CD6F4D}.Debug|Any CPU.Build.0 = Debug|Any CPU
		{67BDD375-30C4-480E-966D-F67B79CD6F4D}.Release|Any CPU.ActiveCfg = Release|Any CPU
		{67BDD375-30C4-480E-966D-F67B79CD6F4D}.Release|Any CPU.Build.0 = Release|Any CPU
		{67EE2F8C-E0B8-4F96-A849-88A069D74630}.Debug|Any CPU.ActiveCfg = Debug|Any CPU
		{67EE2F8C-E0B8-4F96-A849-88A069D74630}.Debug|Any CPU.Build.0 = Debug|Any CPU
		{67EE2F8C-E0B8-4F96-A849-88A069D74630}.Release|Any CPU.ActiveCfg = Release|Any CPU
		{67EE2F8C-E0B8-4F96-A849-88A069D74630}.Release|Any CPU.Build.0 = Release|Any CPU
		{CF796D20-BFF7-44DF-9A36-BF3FE5A4C1B4}.Debug|Any CPU.ActiveCfg = Debug|Any CPU
		{CF796D20-BFF7-44DF-9A36-BF3FE5A4C1B4}.Debug|Any CPU.Build.0 = Debug|Any CPU
		{CF796D20-BFF7-44DF-9A36-BF3FE5A4C1B4}.Release|Any CPU.ActiveCfg = Release|Any CPU
		{CF796D20-BFF7-44DF-9A36-BF3FE5A4C1B4}.Release|Any CPU.Build.0 = Release|Any CPU
		{1579B913-4B00-437B-9CCE-9C4B3FA7179F}.Debug|Any CPU.ActiveCfg = Debug|Any CPU
		{1579B913-4B00-437B-9CCE-9C4B3FA7179F}.Debug|Any CPU.Build.0 = Debug|Any CPU
		{1579B913-4B00-437B-9CCE-9C4B3FA7179F}.Release|Any CPU.ActiveCfg = Release|Any CPU
		{1579B913-4B00-437B-9CCE-9C4B3FA7179F}.Release|Any CPU.Build.0 = Release|Any CPU
		{67DA3B8B-8D84-47CB-AB10-F01F4C4A0C04}.Debug|Any CPU.ActiveCfg = Debug|Any CPU
		{67DA3B8B-8D84-47CB-AB10-F01F4C4A0C04}.Debug|Any CPU.Build.0 = Debug|Any CPU
		{67DA3B8B-8D84-47CB-AB10-F01F4C4A0C04}.Release|Any CPU.ActiveCfg = Release|Any CPU
		{67DA3B8B-8D84-47CB-AB10-F01F4C4A0C04}.Release|Any CPU.Build.0 = Release|Any CPU
		{F39D77D6-800B-42D2-A071-D3248466A27C}.Debug|Any CPU.ActiveCfg = Debug|Any CPU
		{F39D77D6-800B-42D2-A071-D3248466A27C}.Debug|Any CPU.Build.0 = Debug|Any CPU
		{F39D77D6-800B-42D2-A071-D3248466A27C}.Release|Any CPU.ActiveCfg = Release|Any CPU
		{F39D77D6-800B-42D2-A071-D3248466A27C}.Release|Any CPU.Build.0 = Release|Any CPU
		{6764AB90-FC13-4CAC-89B1-CFB89FF490FD}.Debug|Any CPU.ActiveCfg = Debug|Any CPU
		{6764AB90-FC13-4CAC-89B1-CFB89FF490FD}.Debug|Any CPU.Build.0 = Debug|Any CPU
		{6764AB90-FC13-4CAC-89B1-CFB89FF490FD}.Release|Any CPU.ActiveCfg = Release|Any CPU
		{6764AB90-FC13-4CAC-89B1-CFB89FF490FD}.Release|Any CPU.Build.0 = Release|Any CPU
	EndGlobalSection
	GlobalSection(SolutionProperties) = preSolution
		HideSolutionNode = FALSE
	EndGlobalSection
	GlobalSection(NestedProjects) = preSolution
		{387529B8-A46D-4D68-80A2-8A82BA12EA6D} = {02EA681E-C7D8-13C7-8484-4AC65E1B71E8}
		{77EAD01F-FD36-4CF1-B458-D331A9F57663} = {89B1D4C2-CF96-42B9-BBBD-454699F31A37}
		{756C207E-4F9D-4CB7-B45E-52AFF45429FA} = {D936A604-2510-481A-A028-8264815F1EE1}
		{69B2277E-3D67-47C6-BC67-9483549759AF} = {D936A604-2510-481A-A028-8264815F1EE1}
		{ED03467F-0D8E-4F73-93C3-A517AED729FD} = {D936A604-2510-481A-A028-8264815F1EE1}
		{34F1339C-21B0-45AC-94D1-3E5A9FC4A899} = {430E9337-9AC3-4411-95AE-3C2DBB177A96}
		{DFDF7779-B930-43FE-B60D-B05BBFBF8E1C} = {430E9337-9AC3-4411-95AE-3C2DBB177A96}
		{FB9AF8CE-9462-4C31-B92B-047367FCFAFC} = {430E9337-9AC3-4411-95AE-3C2DBB177A96}
		{DF6B9068-701A-4A92-8BC0-1161AC9AF6FE} = {0D9EE69E-8939-41F3-BB9D-85F78408FA12}
		{386A70C8-E75A-4B40-906A-A08D692F7FA4} = {0D9EE69E-8939-41F3-BB9D-85F78408FA12}
		{D06FF6D8-9846-40CC-9E08-CB1E606AC5CF} = {0D9EE69E-8939-41F3-BB9D-85F78408FA12}
		{2FDD8242-887D-4112-91F9-80B734A04CD6} = {B8DCE35F-9CC9-4566-8141-A05719862AE5}
		{AC9B1CAF-35B0-4484-85EB-F30921498F12} = {B8DCE35F-9CC9-4566-8141-A05719862AE5}
		{67BDD375-30C4-480E-966D-F67B79CD6F4D} = {B8DCE35F-9CC9-4566-8141-A05719862AE5}
		{67EE2F8C-E0B8-4F96-A849-88A069D74630} = {B8FAEE48-7C8E-4763-8AEA-D3D4E4396267}
		{CF796D20-BFF7-44DF-9A36-BF3FE5A4C1B4} = {B8FAEE48-7C8E-4763-8AEA-D3D4E4396267}
		{1579B913-4B00-437B-9CCE-9C4B3FA7179F} = {B8FAEE48-7C8E-4763-8AEA-D3D4E4396267}
		{67DA3B8B-8D84-47CB-AB10-F01F4C4A0C04} = {4081902F-2C2D-4792-A08F-0A07678F92A3}
		{F39D77D6-800B-42D2-A071-D3248466A27C} = {4081902F-2C2D-4792-A08F-0A07678F92A3}
		{6764AB90-FC13-4CAC-89B1-CFB89FF490FD} = {4081902F-2C2D-4792-A08F-0A07678F92A3}
	EndGlobalSection
	GlobalSection(ExtensibilityGlobals) = postSolution
		SolutionGuid = {FBF25F7B-B1CA-48C9-A5E1-5478EF346719}
	EndGlobalSection
EndGlobal
